
Microsoft Visual Studio Solution File, Format Version 12.00
# Visual Studio Version 17
VisualStudioVersion = 17.6.33723.286
MinimumVisualStudioVersion = 10.0.40219.1
Project("{FAE04EC0-301F-11D3-BF4B-00C04F79EFBC}") = "IJ_homeWork_exit", "IJ_homeWork_exit.csproj", "{D8ED004A-FB0C-47E3-B7C6-121166547C50}"
EndProject
Global
	GlobalSection(SolutionConfigurationPlatforms) = preSolution
		Debug|Any CPU = Debug|Any CPU
		Release|Any CPU = Release|Any CPU
	EndGlobalSection
	GlobalSection(ProjectConfigurationPlatforms) = postSolution
		{D8ED004A-FB0C-47E3-B7C6-121166547C50}.Debug|Any CPU.ActiveCfg = Debug|Any CPU
		{D8ED004A-FB0C-47E3-B7C6-121166547C50}.Debug|Any CPU.Build.0 = Debug|Any CPU
		{D8ED004A-FB0C-47E3-B7C6-121166547C50}.Release|Any CPU.ActiveCfg = Release|Any CPU
		{D8ED004A-FB0C-47E3-B7C6-121166547C50}.Release|Any CPU.Build.0 = Release|Any CPU
	EndGlobalSection
	GlobalSection(SolutionProperties) = preSolution
		HideSolutionNode = FALSE
	EndGlobalSection
	GlobalSection(ExtensibilityGlobals) = postSolution
		SolutionGuid = {0976D064-D302-472E-B37A-82248A66CB0C}
	EndGlobalSection
EndGlobal
