
Microsoft Visual Studio Solution File, Format Version 12.00
# Visual Studio Version 17
VisualStudioVersion = 17.6.33815.320
MinimumVisualStudioVersion = 10.0.40219.1
Project("{FAE04EC0-301F-11D3-BF4B-00C04F79EFBC}") = "IJ_homeWork_bookStorage", "IJ_homeWork_bookStorage.csproj", "{29690FDB-BF8D-4AF1-9E6F-5832ED582940}"
EndProject
Global
	GlobalSection(SolutionConfigurationPlatforms) = preSolution
		Debug|Any CPU = Debug|Any CPU
		Release|Any CPU = Release|Any CPU
	EndGlobalSection
	GlobalSection(ProjectConfigurationPlatforms) = postSolution
		{29690FDB-BF8D-4AF1-9E6F-5832ED582940}.Debug|Any CPU.ActiveCfg = Debug|Any CPU
		{29690FDB-BF8D-4AF1-9E6F-5832ED582940}.Debug|Any CPU.Build.0 = Debug|Any CPU
		{29690FDB-BF8D-4AF1-9E6F-5832ED582940}.Release|Any CPU.ActiveCfg = Release|Any CPU
		{29690FDB-BF8D-4AF1-9E6F-5832ED582940}.Release|Any CPU.Build.0 = Release|Any CPU
	EndGlobalSection
	GlobalSection(SolutionProperties) = preSolution
		HideSolutionNode = FALSE
	EndGlobalSection
	GlobalSection(ExtensibilityGlobals) = postSolution
		SolutionGuid = {DA4EC0BD-EECC-45B7-AD04-3FE9B0AEF24A}
	EndGlobalSection
EndGlobal
