
Microsoft Visual Studio Solution File, Format Version 12.00
# Visual Studio Version 17
VisualStudioVersion = 17.6.33723.286
MinimumVisualStudioVersion = 10.0.40219.1
Project("{FAE04EC0-301F-11D3-BF4B-00C04F79EFBC}") = "IJ_homeWork_parenthesis", "IJ_homeWork_parenthesis.csproj", "{F7598C58-3DE8-4DE0-95FE-4824EB344F28}"
EndProject
Global
	GlobalSection(SolutionConfigurationPlatforms) = preSolution
		Debug|Any CPU = Debug|Any CPU
		Release|Any CPU = Release|Any CPU
	EndGlobalSection
	GlobalSection(ProjectConfigurationPlatforms) = postSolution
		{F7598C58-3DE8-4DE0-95FE-4824EB344F28}.Debug|Any CPU.ActiveCfg = Debug|Any CPU
		{F7598C58-3DE8-4DE0-95FE-4824EB344F28}.Debug|Any CPU.Build.0 = Debug|Any CPU
		{F7598C58-3DE8-4DE0-95FE-4824EB344F28}.Release|Any CPU.ActiveCfg = Release|Any CPU
		{F7598C58-3DE8-4DE0-95FE-4824EB344F28}.Release|Any CPU.Build.0 = Release|Any CPU
	EndGlobalSection
	GlobalSection(SolutionProperties) = preSolution
		HideSolutionNode = FALSE
	EndGlobalSection
	GlobalSection(ExtensibilityGlobals) = postSolution
		SolutionGuid = {8B29D2EA-9710-4DDD-A4C7-EA70CCF1D92F}
	EndGlobalSection
EndGlobal
