
Microsoft Visual Studio Solution File, Format Version 12.00
# Visual Studio Version 17
VisualStudioVersion = 17.6.33815.320
MinimumVisualStudioVersion = 10.0.40219.1
Project("{FAE04EC0-301F-11D3-BF4B-00C04F79EFBC}") = "IJ_homeWork_customSum", "IJ_homeWork_customSum.csproj", "{3B1FF9A9-1627-4561-A472-C74DBB985639}"
EndProject
Global
	GlobalSection(SolutionConfigurationPlatforms) = preSolution
		Debug|Any CPU = Debug|Any CPU
		Release|Any CPU = Release|Any CPU
	EndGlobalSection
	GlobalSection(ProjectConfigurationPlatforms) = postSolution
		{3B1FF9A9-1627-4561-A472-C74DBB985639}.Debug|Any CPU.ActiveCfg = Debug|Any CPU
		{3B1FF9A9-1627-4561-A472-C74DBB985639}.Debug|Any CPU.Build.0 = Debug|Any CPU
		{3B1FF9A9-1627-4561-A472-C74DBB985639}.Release|Any CPU.ActiveCfg = Release|Any CPU
		{3B1FF9A9-1627-4561-A472-C74DBB985639}.Release|Any CPU.Build.0 = Release|Any CPU
	EndGlobalSection
	GlobalSection(SolutionProperties) = preSolution
		HideSolutionNode = FALSE
	EndGlobalSection
	GlobalSection(ExtensibilityGlobals) = postSolution
		SolutionGuid = {419A21CA-F994-4A12-8706-520F93F366B3}
	EndGlobalSection
EndGlobal
