
Microsoft Visual Studio Solution File, Format Version 12.00
# Visual Studio Version 17
VisualStudioVersion = 17.6.33815.320
MinimumVisualStudioVersion = 10.0.40219.1
Project("{FAE04EC0-301F-11D3-BF4B-00C04F79EFBC}") = "IJ_homeWork_Lines_columns", "IJ_homeWork_Lines_columns.csproj", "{B4DCDFC5-6C9C-49E2-88AD-CE35DDF8BFCB}"
EndProject
Global
	GlobalSection(SolutionConfigurationPlatforms) = preSolution
		Debug|Any CPU = Debug|Any CPU
		Release|Any CPU = Release|Any CPU
	EndGlobalSection
	GlobalSection(ProjectConfigurationPlatforms) = postSolution
		{B4DCDFC5-6C9C-49E2-88AD-CE35DDF8BFCB}.Debug|Any CPU.ActiveCfg = Debug|Any CPU
		{B4DCDFC5-6C9C-49E2-88AD-CE35DDF8BFCB}.Debug|Any CPU.Build.0 = Debug|Any CPU
		{B4DCDFC5-6C9C-49E2-88AD-CE35DDF8BFCB}.Release|Any CPU.ActiveCfg = Release|Any CPU
		{B4DCDFC5-6C9C-49E2-88AD-CE35DDF8BFCB}.Release|Any CPU.Build.0 = Release|Any CPU
	EndGlobalSection
	GlobalSection(SolutionProperties) = preSolution
		HideSolutionNode = FALSE
	EndGlobalSection
	GlobalSection(ExtensibilityGlobals) = postSolution
		SolutionGuid = {3C99DA90-5910-4A16-BEE8-9BC12B1D1A5E}
	EndGlobalSection
EndGlobal
