
Microsoft Visual Studio Solution File, Format Version 12.00
# Visual Studio Version 17
VisualStudioVersion = 17.6.33815.320
MinimumVisualStudioVersion = 10.0.40219.1
Project("{FAE04EC0-301F-11D3-BF4B-00C04F79EFBC}") = "IJ_homeWokrk_queueInShop", "IJ_homeWokrk_queueInShop.csproj", "{05643E6B-CDF4-4A50-A17C-39938571C737}"
EndProject
Global
	GlobalSection(SolutionConfigurationPlatforms) = preSolution
		Debug|Any CPU = Debug|Any CPU
		Release|Any CPU = Release|Any CPU
	EndGlobalSection
	GlobalSection(ProjectConfigurationPlatforms) = postSolution
		{05643E6B-CDF4-4A50-A17C-39938571C737}.Debug|Any CPU.ActiveCfg = Debug|Any CPU
		{05643E6B-CDF4-4A50-A17C-39938571C737}.Debug|Any CPU.Build.0 = Debug|Any CPU
		{05643E6B-CDF4-4A50-A17C-39938571C737}.Release|Any CPU.ActiveCfg = Release|Any CPU
		{05643E6B-CDF4-4A50-A17C-39938571C737}.Release|Any CPU.Build.0 = Release|Any CPU
	EndGlobalSection
	GlobalSection(SolutionProperties) = preSolution
		HideSolutionNode = FALSE
	EndGlobalSection
	GlobalSection(ExtensibilityGlobals) = postSolution
		SolutionGuid = {577759D5-7C0E-4A75-B139-A0014146E1B3}
	EndGlobalSection
EndGlobal
