
Microsoft Visual Studio Solution File, Format Version 12.00
# Visual Studio Version 17
VisualStudioVersion = 17.6.33815.320
MinimumVisualStudioVersion = 10.0.40219.1
Project("{FAE04EC0-301F-11D3-BF4B-00C04F79EFBC}") = "IJ_homeWork_criminalSearcher", "IJ_homeWork_criminalSearcher.csproj", "{53478127-B658-4C8C-964C-812268EB2189}"
EndProject
Global
	GlobalSection(SolutionConfigurationPlatforms) = preSolution
		Debug|Any CPU = Debug|Any CPU
		Release|Any CPU = Release|Any CPU
	EndGlobalSection
	GlobalSection(ProjectConfigurationPlatforms) = postSolution
		{53478127-B658-4C8C-964C-812268EB2189}.Debug|Any CPU.ActiveCfg = Debug|Any CPU
		{53478127-B658-4C8C-964C-812268EB2189}.Debug|Any CPU.Build.0 = Debug|Any CPU
		{53478127-B658-4C8C-964C-812268EB2189}.Release|Any CPU.ActiveCfg = Release|Any CPU
		{53478127-B658-4C8C-964C-812268EB2189}.Release|Any CPU.Build.0 = Release|Any CPU
	EndGlobalSection
	GlobalSection(SolutionProperties) = preSolution
		HideSolutionNode = FALSE
	EndGlobalSection
	GlobalSection(ExtensibilityGlobals) = postSolution
		SolutionGuid = {FD8F845D-AA3D-40E0-90EC-6B1EF4375B72}
	EndGlobalSection
EndGlobal
