
Microsoft Visual Studio Solution File, Format Version 12.00
# Visual Studio Version 17
VisualStudioVersion = 17.6.33815.320
MinimumVisualStudioVersion = 10.0.40219.1
Project("{FAE04EC0-301F-11D3-BF4B-00C04F79EFBC}") = "IJ_homeWork_weaponsReport", "IJ_homeWork_weaponsReport.csproj", "{464D894B-5563-4CB4-BAD2-5049DF7BD6D2}"
EndProject
Global
	GlobalSection(SolutionConfigurationPlatforms) = preSolution
		Debug|Any CPU = Debug|Any CPU
		Release|Any CPU = Release|Any CPU
	EndGlobalSection
	GlobalSection(ProjectConfigurationPlatforms) = postSolution
		{464D894B-5563-4CB4-BAD2-5049DF7BD6D2}.Debug|Any CPU.ActiveCfg = Debug|Any CPU
		{464D894B-5563-4CB4-BAD2-5049DF7BD6D2}.Debug|Any CPU.Build.0 = Debug|Any CPU
		{464D894B-5563-4CB4-BAD2-5049DF7BD6D2}.Release|Any CPU.ActiveCfg = Release|Any CPU
		{464D894B-5563-4CB4-BAD2-5049DF7BD6D2}.Release|Any CPU.Build.0 = Release|Any CPU
	EndGlobalSection
	GlobalSection(SolutionProperties) = preSolution
		HideSolutionNode = FALSE
	EndGlobalSection
	GlobalSection(ExtensibilityGlobals) = postSolution
		SolutionGuid = {640BF246-50A6-49E7-B102-EC5BF17A39DD}
	EndGlobalSection
EndGlobal
